
Microsoft Visual Studio Solution File, Format Version 12.00
# Visual Studio Version 17
VisualStudioVersion = 17.7.34009.444
MinimumVisualStudioVersion = 10.0.40219.1
Project("{FAE04EC0-301F-11D3-BF4B-00C04F79EFBC}") = "natural", "natural\natural.csproj", "{9DD6F924-743E-4966-BAFA-BDC3BE39DFC6}"
EndProject
Global
	GlobalSection(SolutionConfigurationPlatforms) = preSolution
		Debug|Any CPU = Debug|Any CPU
		Release|Any CPU = Release|Any CPU
	EndGlobalSection
	GlobalSection(ProjectConfigurationPlatforms) = postSolution
		{9DD6F924-743E-4966-BAFA-BDC3BE39DFC6}.Debug|Any CPU.ActiveCfg = Debug|Any CPU
		{9DD6F924-743E-4966-BAFA-BDC3BE39DFC6}.Debug|Any CPU.Build.0 = Debug|Any CPU
		{9DD6F924-743E-4966-BAFA-BDC3BE39DFC6}.Release|Any CPU.ActiveCfg = Release|Any CPU
		{9DD6F924-743E-4966-BAFA-BDC3BE39DFC6}.Release|Any CPU.Build.0 = Release|Any CPU
	EndGlobalSection
	GlobalSection(SolutionProperties) = preSolution
		HideSolutionNode = FALSE
	EndGlobalSection
	GlobalSection(ExtensibilityGlobals) = postSolution
		SolutionGuid = {BE29A251-D660-49DF-A274-AF72269F8A7C}
	EndGlobalSection
EndGlobal
