
Microsoft Visual Studio Solution File, Format Version 12.00
# Visual Studio Version 17
VisualStudioVersion = 17.7.34009.444
MinimumVisualStudioVersion = 10.0.40219.1
Project("{FAE04EC0-301F-11D3-BF4B-00C04F79EFBC}") = "Parse", "Parse\Parse.csproj", "{E7932079-86B1-4F2A-963C-65D87134C376}"
EndProject
Global
	GlobalSection(SolutionConfigurationPlatforms) = preSolution
		Debug|Any CPU = Debug|Any CPU
		Release|Any CPU = Release|Any CPU
	EndGlobalSection
	GlobalSection(ProjectConfigurationPlatforms) = postSolution
		{E7932079-86B1-4F2A-963C-65D87134C376}.Debug|Any CPU.ActiveCfg = Debug|Any CPU
		{E7932079-86B1-4F2A-963C-65D87134C376}.Debug|Any CPU.Build.0 = Debug|Any CPU
		{E7932079-86B1-4F2A-963C-65D87134C376}.Release|Any CPU.ActiveCfg = Release|Any CPU
		{E7932079-86B1-4F2A-963C-65D87134C376}.Release|Any CPU.Build.0 = Release|Any CPU
	EndGlobalSection
	GlobalSection(SolutionProperties) = preSolution
		HideSolutionNode = FALSE
	EndGlobalSection
	GlobalSection(ExtensibilityGlobals) = postSolution
		SolutionGuid = {B7678A64-AD3D-42CB-8933-080E7ACB09E0}
	EndGlobalSection
EndGlobal
