
Microsoft Visual Studio Solution File, Format Version 12.00
# Visual Studio Version 17
VisualStudioVersion = 17.7.34009.444
MinimumVisualStudioVersion = 10.0.40219.1
Project("{FAE04EC0-301F-11D3-BF4B-00C04F79EFBC}") = "baekJoon6", "baekJoon6\baekJoon6.csproj", "{52970D45-11EB-4571-857A-26F2436774DC}"
EndProject
Global
	GlobalSection(SolutionConfigurationPlatforms) = preSolution
		Debug|Any CPU = Debug|Any CPU
		Release|Any CPU = Release|Any CPU
	EndGlobalSection
	GlobalSection(ProjectConfigurationPlatforms) = postSolution
		{52970D45-11EB-4571-857A-26F2436774DC}.Debug|Any CPU.ActiveCfg = Debug|Any CPU
		{52970D45-11EB-4571-857A-26F2436774DC}.Debug|Any CPU.Build.0 = Debug|Any CPU
		{52970D45-11EB-4571-857A-26F2436774DC}.Release|Any CPU.ActiveCfg = Release|Any CPU
		{52970D45-11EB-4571-857A-26F2436774DC}.Release|Any CPU.Build.0 = Release|Any CPU
	EndGlobalSection
	GlobalSection(SolutionProperties) = preSolution
		HideSolutionNode = FALSE
	EndGlobalSection
	GlobalSection(ExtensibilityGlobals) = postSolution
		SolutionGuid = {5A8B5B40-5536-4EEA-A8CA-627E1E0966D5}
	EndGlobalSection
EndGlobal
